// !$*UTF8*$!
{
	archiveVersion = 1;
	classes = {
	};
	objectVersion = 46;
	objects = {

/* Begin PBXBuildFile section */
		02180E7D19ABCA4A27CBF1A2 /* Pods_Packo.framework in Frameworks */ = {isa = PBXBuildFile; fileRef = 289DFA2E93F8B2ACFBC2819F /* Pods_Packo.framework */; };
		0F3755F6069656A8D3E9B48B /* QuartzCore.framework in Frameworks */ = {isa = PBXBuildFile; fileRef = C4111833E91194BAE5EB6730 /* QuartzCore.framework */; };
		4A627F101B0B37CD8ECB9176 /* BuddyBuildSDK.framework in Frameworks */ = {isa = PBXBuildFile; fileRef = 26C82849B15D9034BAB49806 /* BuddyBuildSDK.framework */; };
		502E2E54606F3189D702944D /* CoreText.framework in Frameworks */ = {isa = PBXBuildFile; fileRef = 16E337C0803B77ACF4F0A48A /* CoreText.framework */; };
		52381F1F7340D8151983455C /* CoreTelephony.framework in Frameworks */ = {isa = PBXBuildFile; fileRef = DA307ECBC679072D1C91E0CB /* CoreTelephony.framework */; };
		572F83F1F9BB5B3BF282E423 /* AssetsLibrary.framework in Frameworks */ = {isa = PBXBuildFile; fileRef = AB21DC38AF9C2AF5701F7460 /* AssetsLibrary.framework */; };
		DF217AB8F263F9113471BDEC /* SystemConfiguration.framework in Frameworks */ = {isa = PBXBuildFile; fileRef = 3F0F7723DB39FAA74080A788 /* SystemConfiguration.framework */; };
		EB0AAB851C75CB7F00313BA9 /* Packo.xcdatamodeld in Sources */ = {isa = PBXBuildFile; fileRef = EB0AAB831C75CB7F00313BA9 /* Packo.xcdatamodeld */; };
		EB6099E51C758C2E00B73777 /* ItemsViewControllerExtension.swift in Sources */ = {isa = PBXBuildFile; fileRef = EB6099E41C758C2E00B73777 /* ItemsViewControllerExtension.swift */; };
		EB6099E71C758D7A00B73777 /* TripsViewControllerExtension.swift in Sources */ = {isa = PBXBuildFile; fileRef = EB6099E61C758D7A00B73777 /* TripsViewControllerExtension.swift */; };
		EB7937BE1C7B2E37004D58F9 /* Shared.swift in Sources */ = {isa = PBXBuildFile; fileRef = EB7937BD1C7B2E37004D58F9 /* Shared.swift */; };
		EB84B0D21C759164004EA581 /* AddTripTableViewController.swift in Sources */ = {isa = PBXBuildFile; fileRef = EB84B0D11C759164004EA581 /* AddTripTableViewController.swift */; };
		EBD91D701C75181B00B7DA36 /* AppDelegate.swift in Sources */ = {isa = PBXBuildFile; fileRef = EBD91D6F1C75181B00B7DA36 /* AppDelegate.swift */; };
		EBD91D721C75181B00B7DA36 /* MainViewController.swift in Sources */ = {isa = PBXBuildFile; fileRef = EBD91D711C75181B00B7DA36 /* MainViewController.swift */; };
		EBD91D751C75181C00B7DA36 /* Main.storyboard in Resources */ = {isa = PBXBuildFile; fileRef = EBD91D731C75181C00B7DA36 /* Main.storyboard */; };
		EBD91D7A1C75181C00B7DA36 /* Assets.xcassets in Resources */ = {isa = PBXBuildFile; fileRef = EBD91D791C75181C00B7DA36 /* Assets.xcassets */; };
		EBD91D881C75181C00B7DA36 /* PackoTests.swift in Sources */ = {isa = PBXBuildFile; fileRef = EBD91D871C75181C00B7DA36 /* PackoTests.swift */; };
		EBD91D931C75181C00B7DA36 /* PackoUITests.swift in Sources */ = {isa = PBXBuildFile; fileRef = EBD91D921C75181C00B7DA36 /* PackoUITests.swift */; };
		EBD91DA11C751C0A00B7DA36 /* Config.plist in Resources */ = {isa = PBXBuildFile; fileRef = EBD91DA01C751C0A00B7DA36 /* Config.plist */; };
		EBD91DA71C751D4300B7DA36 /* InfoPlist.strings in Resources */ = {isa = PBXBuildFile; fileRef = EBD91DA61C751D4300B7DA36 /* InfoPlist.strings */; };
		EBD91DAA1C751DB100B7DA36 /* Geocoder.swift in Sources */ = {isa = PBXBuildFile; fileRef = EBD91DA91C751DB100B7DA36 /* Geocoder.swift */; };
		EBD91DAC1C751DC400B7DA36 /* ForecastIO.swift in Sources */ = {isa = PBXBuildFile; fileRef = EBD91DAB1C751DC400B7DA36 /* ForecastIO.swift */; };
		EBD91DAE1C751DD900B7DA36 /* Weather.swift in Sources */ = {isa = PBXBuildFile; fileRef = EBD91DAD1C751DD900B7DA36 /* Weather.swift */; };
		EBD91DB11C751DFA00B7DA36 /* IDGenerator.swift in Sources */ = {isa = PBXBuildFile; fileRef = EBD91DB01C751DFA00B7DA36 /* IDGenerator.swift */; };
		EBD91DB51C751E2500B7DA36 /* ShortcutIdentifier.swift in Sources */ = {isa = PBXBuildFile; fileRef = EBD91DB41C751E2500B7DA36 /* ShortcutIdentifier.swift */; };
		EBD91DB71C751E3900B7DA36 /* TemperatureScale.swift in Sources */ = {isa = PBXBuildFile; fileRef = EBD91DB61C751E3900B7DA36 /* TemperatureScale.swift */; };
		EBD91DB91C751E4500B7DA36 /* Colors.swift in Sources */ = {isa = PBXBuildFile; fileRef = EBD91DB81C751E4500B7DA36 /* Colors.swift */; };
		EBD91DBE1C7521A000B7DA36 /* TripsViewController.swift in Sources */ = {isa = PBXBuildFile; fileRef = EBD91DBD1C7521A000B7DA36 /* TripsViewController.swift */; };
		EBD91DC01C7521C200B7DA36 /* Item.swift in Sources */ = {isa = PBXBuildFile; fileRef = EBD91DBF1C7521C200B7DA36 /* Item.swift */; };
		EBD91DC21C7521F300B7DA36 /* Trip.swift in Sources */ = {isa = PBXBuildFile; fileRef = EBD91DC11C7521F300B7DA36 /* Trip.swift */; };
		EBD91DC41C75221900B7DA36 /* ItemsViewController.swift in Sources */ = {isa = PBXBuildFile; fileRef = EBD91DC31C75221900B7DA36 /* ItemsViewController.swift */; };
		EBD91DC71C75227500B7DA36 /* WeatherTableViewCell.swift in Sources */ = {isa = PBXBuildFile; fileRef = EBD91DC61C75227500B7DA36 /* WeatherTableViewCell.swift */; };
		EBD91DC91C75229900B7DA36 /* UIColorExtension.swift in Sources */ = {isa = PBXBuildFile; fileRef = EBD91DC81C75229900B7DA36 /* UIColorExtension.swift */; };
		EBD91DCB1C7522AC00B7DA36 /* StringExtension.swift in Sources */ = {isa = PBXBuildFile; fileRef = EBD91DCA1C7522AC00B7DA36 /* StringExtension.swift */; };
		EBD91DCD1C7522BC00B7DA36 /* UIImageExtension.swift in Sources */ = {isa = PBXBuildFile; fileRef = EBD91DCC1C7522BC00B7DA36 /* UIImageExtension.swift */; };
		EBD91DD11C7522D900B7DA36 /* UIViewExtension.swift in Sources */ = {isa = PBXBuildFile; fileRef = EBD91DD01C7522D900B7DA36 /* UIViewExtension.swift */; };
		EBD91DD31C7522F700B7DA36 /* TripTableViewCell.swift in Sources */ = {isa = PBXBuildFile; fileRef = EBD91DD21C7522F700B7DA36 /* TripTableViewCell.swift */; };
		EBD91DD51C75230600B7DA36 /* ItemTableViewCell.swift in Sources */ = {isa = PBXBuildFile; fileRef = EBD91DD41C75230600B7DA36 /* ItemTableViewCell.swift */; };
		EBD91DDA1C7536A200B7DA36 /* AddItemTableViewController.swift in Sources */ = {isa = PBXBuildFile; fileRef = EBD91DD91C7536A200B7DA36 /* AddItemTableViewController.swift */; };
		EBF342101C75DEDD0047F5DB /* LaunchScreen.storyboard in Resources */ = {isa = PBXBuildFile; fileRef = EBF3420F1C75DEDD0047F5DB /* LaunchScreen.storyboard */; };
/* End PBXBuildFile section */

/* Begin PBXContainerItemProxy section */
		EBD91D841C75181C00B7DA36 /* PBXContainerItemProxy */ = {
			isa = PBXContainerItemProxy;
			containerPortal = EBD91D641C75181B00B7DA36 /* Project object */;
			proxyType = 1;
			remoteGlobalIDString = EBD91D6B1C75181B00B7DA36;
			remoteInfo = Packo;
		};
		EBD91D8F1C75181C00B7DA36 /* PBXContainerItemProxy */ = {
			isa = PBXContainerItemProxy;
			containerPortal = EBD91D641C75181B00B7DA36 /* Project object */;
			proxyType = 1;
			remoteGlobalIDString = EBD91D6B1C75181B00B7DA36;
			remoteInfo = Packo;
		};
/* End PBXContainerItemProxy section */

/* Begin PBXFileReference section */
		16E337C0803B77ACF4F0A48A /* CoreText.framework */ = {isa = PBXFileReference; lastKnownFileType = wrapper.framework; name = CoreText.framework; path = System/Library/Frameworks/CoreText.framework; sourceTree = SDKROOT; };
		26C82849B15D9034BAB49806 /* BuddyBuildSDK.framework */ = {isa = PBXFileReference; lastKnownFileType = wrapper.framework; path = BuddyBuildSDK.framework; sourceTree = "<group>"; };
		289DFA2E93F8B2ACFBC2819F /* Pods_Packo.framework */ = {isa = PBXFileReference; explicitFileType = wrapper.framework; includeInIndex = 0; path = Pods_Packo.framework; sourceTree = BUILT_PRODUCTS_DIR; };
		3EF8B9027746FEB59AF27960 /* Pods-Packo.release.xcconfig */ = {isa = PBXFileReference; includeInIndex = 1; lastKnownFileType = text.xcconfig; name = "Pods-Packo.release.xcconfig"; path = "Pods/Target Support Files/Pods-Packo/Pods-Packo.release.xcconfig"; sourceTree = "<group>"; };
		3F0F7723DB39FAA74080A788 /* SystemConfiguration.framework */ = {isa = PBXFileReference; lastKnownFileType = wrapper.framework; name = SystemConfiguration.framework; path = System/Library/Frameworks/SystemConfiguration.framework; sourceTree = SDKROOT; };
		58089CE39A60888C5960FEFC /* Pods-Packo.debug.xcconfig */ = {isa = PBXFileReference; includeInIndex = 1; lastKnownFileType = text.xcconfig; name = "Pods-Packo.debug.xcconfig"; path = "Pods/Target Support Files/Pods-Packo/Pods-Packo.debug.xcconfig"; sourceTree = "<group>"; };
		72EFEAF9F6C5066184A97093 /* Bridging-Header.h */ = {isa = PBXFileReference; includeInIndex = 1; lastKnownFileType = sourcecode.c.h; path = "Bridging-Header.h"; sourceTree = "<group>"; };
		AB21DC38AF9C2AF5701F7460 /* AssetsLibrary.framework */ = {isa = PBXFileReference; lastKnownFileType = wrapper.framework; name = AssetsLibrary.framework; path = System/Library/Frameworks/AssetsLibrary.framework; sourceTree = SDKROOT; };
		C4111833E91194BAE5EB6730 /* QuartzCore.framework */ = {isa = PBXFileReference; lastKnownFileType = wrapper.framework; name = QuartzCore.framework; path = System/Library/Frameworks/QuartzCore.framework; sourceTree = SDKROOT; };
		DA307ECBC679072D1C91E0CB /* CoreTelephony.framework */ = {isa = PBXFileReference; lastKnownFileType = wrapper.framework; name = CoreTelephony.framework; path = System/Library/Frameworks/CoreTelephony.framework; sourceTree = SDKROOT; };
		EB0AAB841C75CB7F00313BA9 /* Packo.xcdatamodel */ = {isa = PBXFileReference; lastKnownFileType = wrapper.xcdatamodel; path = Packo.xcdatamodel; sourceTree = "<group>"; };
		EB6099E41C758C2E00B73777 /* ItemsViewControllerExtension.swift */ = {isa = PBXFileReference; fileEncoding = 4; lastKnownFileType = sourcecode.swift; name = ItemsViewControllerExtension.swift; path = Extensions/ItemsViewControllerExtension.swift; sourceTree = "<group>"; };
		EB6099E61C758D7A00B73777 /* TripsViewControllerExtension.swift */ = {isa = PBXFileReference; fileEncoding = 4; lastKnownFileType = sourcecode.swift; name = TripsViewControllerExtension.swift; path = Extensions/TripsViewControllerExtension.swift; sourceTree = "<group>"; };
		EB7937BD1C7B2E37004D58F9 /* Shared.swift */ = {isa = PBXFileReference; fileEncoding = 4; lastKnownFileType = sourcecode.swift; name = Shared.swift; path = Util/Shared.swift; sourceTree = "<group>"; };
		EB84B0D11C759164004EA581 /* AddTripTableViewController.swift */ = {isa = PBXFileReference; fileEncoding = 4; lastKnownFileType = sourcecode.swift; name = AddTripTableViewController.swift; path = Controllers/AddTripTableViewController.swift; sourceTree = "<group>"; };
		EBD91D6C1C75181B00B7DA36 /* Packo.app */ = {isa = PBXFileReference; explicitFileType = wrapper.application; includeInIndex = 0; path = Packo.app; sourceTree = BUILT_PRODUCTS_DIR; };
		EBD91D6F1C75181B00B7DA36 /* AppDelegate.swift */ = {isa = PBXFileReference; lastKnownFileType = sourcecode.swift; path = AppDelegate.swift; sourceTree = "<group>"; };
		EBD91D711C75181B00B7DA36 /* MainViewController.swift */ = {isa = PBXFileReference; lastKnownFileType = sourcecode.swift; name = MainViewController.swift; path = Controllers/MainViewController.swift; sourceTree = "<group>"; };
		EBD91D741C75181C00B7DA36 /* Base */ = {isa = PBXFileReference; lastKnownFileType = file.storyboard; name = Base; path = Base.lproj/Main.storyboard; sourceTree = "<group>"; };
		EBD91D791C75181C00B7DA36 /* Assets.xcassets */ = {isa = PBXFileReference; lastKnownFileType = folder.assetcatalog; path = Assets.xcassets; sourceTree = "<group>"; };
		EBD91D7E1C75181C00B7DA36 /* Info.plist */ = {isa = PBXFileReference; lastKnownFileType = text.plist.xml; path = Info.plist; sourceTree = "<group>"; };
		EBD91D831C75181C00B7DA36 /* PackoTests.xctest */ = {isa = PBXFileReference; explicitFileType = wrapper.cfbundle; includeInIndex = 0; path = PackoTests.xctest; sourceTree = BUILT_PRODUCTS_DIR; };
		EBD91D871C75181C00B7DA36 /* PackoTests.swift */ = {isa = PBXFileReference; lastKnownFileType = sourcecode.swift; path = PackoTests.swift; sourceTree = "<group>"; };
		EBD91D891C75181C00B7DA36 /* Info.plist */ = {isa = PBXFileReference; lastKnownFileType = text.plist.xml; path = Info.plist; sourceTree = "<group>"; };
		EBD91D8E1C75181C00B7DA36 /* PackoUITests.xctest */ = {isa = PBXFileReference; explicitFileType = wrapper.cfbundle; includeInIndex = 0; path = PackoUITests.xctest; sourceTree = BUILT_PRODUCTS_DIR; };
		EBD91D921C75181C00B7DA36 /* PackoUITests.swift */ = {isa = PBXFileReference; lastKnownFileType = sourcecode.swift; path = PackoUITests.swift; sourceTree = "<group>"; };
		EBD91D941C75181C00B7DA36 /* Info.plist */ = {isa = PBXFileReference; lastKnownFileType = text.plist.xml; path = Info.plist; sourceTree = "<group>"; };
		EBD91DA01C751C0A00B7DA36 /* Config.plist */ = {isa = PBXFileReference; fileEncoding = 4; lastKnownFileType = text.plist.xml; path = Config.plist; sourceTree = "<group>"; };
		EBD91DA61C751D4300B7DA36 /* InfoPlist.strings */ = {isa = PBXFileReference; fileEncoding = 4; lastKnownFileType = text.plist.strings; path = InfoPlist.strings; sourceTree = "<group>"; };
		EBD91DA91C751DB100B7DA36 /* Geocoder.swift */ = {isa = PBXFileReference; fileEncoding = 4; lastKnownFileType = sourcecode.swift; name = Geocoder.swift; path = API/Geocoder.swift; sourceTree = "<group>"; };
		EBD91DAB1C751DC400B7DA36 /* ForecastIO.swift */ = {isa = PBXFileReference; fileEncoding = 4; lastKnownFileType = sourcecode.swift; name = ForecastIO.swift; path = API/ForecastIO.swift; sourceTree = "<group>"; };
		EBD91DAD1C751DD900B7DA36 /* Weather.swift */ = {isa = PBXFileReference; fileEncoding = 4; lastKnownFileType = sourcecode.swift; name = Weather.swift; path = Models/Weather.swift; sourceTree = "<group>"; };
		EBD91DB01C751DFA00B7DA36 /* IDGenerator.swift */ = {isa = PBXFileReference; fileEncoding = 4; lastKnownFileType = sourcecode.swift; name = IDGenerator.swift; path = Util/IDGenerator.swift; sourceTree = "<group>"; };
		EBD91DB41C751E2500B7DA36 /* ShortcutIdentifier.swift */ = {isa = PBXFileReference; fileEncoding = 4; lastKnownFileType = sourcecode.swift; name = ShortcutIdentifier.swift; path = Enums/ShortcutIdentifier.swift; sourceTree = "<group>"; };
		EBD91DB61C751E3900B7DA36 /* TemperatureScale.swift */ = {isa = PBXFileReference; fileEncoding = 4; lastKnownFileType = sourcecode.swift; name = TemperatureScale.swift; path = Enums/TemperatureScale.swift; sourceTree = "<group>"; };
		EBD91DB81C751E4500B7DA36 /* Colors.swift */ = {isa = PBXFileReference; fileEncoding = 4; lastKnownFileType = sourcecode.swift; name = Colors.swift; path = Enums/Colors.swift; sourceTree = "<group>"; };
		EBD91DBD1C7521A000B7DA36 /* TripsViewController.swift */ = {isa = PBXFileReference; fileEncoding = 4; lastKnownFileType = sourcecode.swift; name = TripsViewController.swift; path = Controllers/TripsViewController.swift; sourceTree = "<group>"; };
		EBD91DBF1C7521C200B7DA36 /* Item.swift */ = {isa = PBXFileReference; fileEncoding = 4; lastKnownFileType = sourcecode.swift; name = Item.swift; path = Models/Item.swift; sourceTree = "<group>"; };
		EBD91DC11C7521F300B7DA36 /* Trip.swift */ = {isa = PBXFileReference; fileEncoding = 4; lastKnownFileType = sourcecode.swift; name = Trip.swift; path = Models/Trip.swift; sourceTree = "<group>"; };
		EBD91DC31C75221900B7DA36 /* ItemsViewController.swift */ = {isa = PBXFileReference; fileEncoding = 4; lastKnownFileType = sourcecode.swift; name = ItemsViewController.swift; path = Controllers/ItemsViewController.swift; sourceTree = "<group>"; };
		EBD91DC61C75227500B7DA36 /* WeatherTableViewCell.swift */ = {isa = PBXFileReference; fileEncoding = 4; lastKnownFileType = sourcecode.swift; name = WeatherTableViewCell.swift; path = Views/WeatherTableViewCell.swift; sourceTree = "<group>"; };
		EBD91DC81C75229900B7DA36 /* UIColorExtension.swift */ = {isa = PBXFileReference; fileEncoding = 4; lastKnownFileType = sourcecode.swift; name = UIColorExtension.swift; path = Extensions/UIColorExtension.swift; sourceTree = "<group>"; };
		EBD91DCA1C7522AC00B7DA36 /* StringExtension.swift */ = {isa = PBXFileReference; fileEncoding = 4; lastKnownFileType = sourcecode.swift; name = StringExtension.swift; path = Extensions/StringExtension.swift; sourceTree = "<group>"; };
		EBD91DCC1C7522BC00B7DA36 /* UIImageExtension.swift */ = {isa = PBXFileReference; fileEncoding = 4; lastKnownFileType = sourcecode.swift; name = UIImageExtension.swift; path = Extensions/UIImageExtension.swift; sourceTree = "<group>"; };
		EBD91DD01C7522D900B7DA36 /* UIViewExtension.swift */ = {isa = PBXFileReference; fileEncoding = 4; lastKnownFileType = sourcecode.swift; name = UIViewExtension.swift; path = Extensions/UIViewExtension.swift; sourceTree = "<group>"; };
		EBD91DD21C7522F700B7DA36 /* TripTableViewCell.swift */ = {isa = PBXFileReference; fileEncoding = 4; lastKnownFileType = sourcecode.swift; name = TripTableViewCell.swift; path = Views/TripTableViewCell.swift; sourceTree = "<group>"; };
		EBD91DD41C75230600B7DA36 /* ItemTableViewCell.swift */ = {isa = PBXFileReference; fileEncoding = 4; lastKnownFileType = sourcecode.swift; name = ItemTableViewCell.swift; path = Views/ItemTableViewCell.swift; sourceTree = "<group>"; };
		EBD91DD81C752EE000B7DA36 /* Packo-Bridging-Header.h */ = {isa = PBXFileReference; lastKnownFileType = sourcecode.c.h; path = "Packo-Bridging-Header.h"; sourceTree = "<group>"; };
		EBD91DD91C7536A200B7DA36 /* AddItemTableViewController.swift */ = {isa = PBXFileReference; fileEncoding = 4; lastKnownFileType = sourcecode.swift; name = AddItemTableViewController.swift; path = Controllers/AddItemTableViewController.swift; sourceTree = "<group>"; };
		EBF3420F1C75DEDD0047F5DB /* LaunchScreen.storyboard */ = {isa = PBXFileReference; fileEncoding = 4; lastKnownFileType = file.storyboard; path = LaunchScreen.storyboard; sourceTree = "<group>"; };
/* End PBXFileReference section */

/* Begin PBXFrameworksBuildPhase section */
		EBD91D691C75181B00B7DA36 /* Frameworks */ = {
			isa = PBXFrameworksBuildPhase;
			buildActionMask = 2147483647;
			files = (
				02180E7D19ABCA4A27CBF1A2 /* Pods_Packo.framework in Frameworks */,
				4A627F101B0B37CD8ECB9176 /* BuddyBuildSDK.framework in Frameworks */,
				572F83F1F9BB5B3BF282E423 /* AssetsLibrary.framework in Frameworks */,
				502E2E54606F3189D702944D /* CoreText.framework in Frameworks */,
				52381F1F7340D8151983455C /* CoreTelephony.framework in Frameworks */,
				DF217AB8F263F9113471BDEC /* SystemConfiguration.framework in Frameworks */,
				0F3755F6069656A8D3E9B48B /* QuartzCore.framework in Frameworks */,
			);
			runOnlyForDeploymentPostprocessing = 0;
		};
		EBD91D801C75181C00B7DA36 /* Frameworks */ = {
			isa = PBXFrameworksBuildPhase;
			buildActionMask = 2147483647;
			files = (
			);
			runOnlyForDeploymentPostprocessing = 0;
		};
		EBD91D8B1C75181C00B7DA36 /* Frameworks */ = {
			isa = PBXFrameworksBuildPhase;
			buildActionMask = 2147483647;
			files = (
			);
			runOnlyForDeploymentPostprocessing = 0;
		};
/* End PBXFrameworksBuildPhase section */

/* Begin PBXGroup section */
		2F711BC97700F194E87A10E7 /* Pods */ = {
			isa = PBXGroup;
			children = (
				58089CE39A60888C5960FEFC /* Pods-Packo.debug.xcconfig */,
				3EF8B9027746FEB59AF27960 /* Pods-Packo.release.xcconfig */,
			);
			name = Pods;
			sourceTree = "<group>";
		};
		68C5F4E313E0930DE83E617F /* Frameworks */ = {
			isa = PBXGroup;
			children = (
				289DFA2E93F8B2ACFBC2819F /* Pods_Packo.framework */,
				26C82849B15D9034BAB49806 /* BuddyBuildSDK.framework */,
				AB21DC38AF9C2AF5701F7460 /* AssetsLibrary.framework */,
				16E337C0803B77ACF4F0A48A /* CoreText.framework */,
				DA307ECBC679072D1C91E0CB /* CoreTelephony.framework */,
				3F0F7723DB39FAA74080A788 /* SystemConfiguration.framework */,
				C4111833E91194BAE5EB6730 /* QuartzCore.framework */,
			);
			name = Frameworks;
			sourceTree = "<group>";
		};
		EBD91D631C75181B00B7DA36 = {
			isa = PBXGroup;
			children = (
				EBD91D6E1C75181B00B7DA36 /* Packo */,
				EBD91D861C75181C00B7DA36 /* PackoTests */,
				EBD91D911C75181C00B7DA36 /* PackoUITests */,
				EBD91D6D1C75181B00B7DA36 /* Products */,
				2F711BC97700F194E87A10E7 /* Pods */,
				68C5F4E313E0930DE83E617F /* Frameworks */,
				72EFEAF9F6C5066184A97093 /* Bridging-Header.h */,
			);
			sourceTree = "<group>";
		};
		EBD91D6D1C75181B00B7DA36 /* Products */ = {
			isa = PBXGroup;
			children = (
				EBD91D6C1C75181B00B7DA36 /* Packo.app */,
				EBD91D831C75181C00B7DA36 /* PackoTests.xctest */,
				EBD91D8E1C75181C00B7DA36 /* PackoUITests.xctest */,
			);
			name = Products;
			sourceTree = "<group>";
		};
		EBD91D6E1C75181B00B7DA36 /* Packo */ = {
			isa = PBXGroup;
			children = (
				EBD91D6F1C75181B00B7DA36 /* AppDelegate.swift */,
				EBD91DC51C75226400B7DA36 /* Views */,
				EBD91DAF1C751DED00B7DA36 /* Util */,
				EBD91DA81C751DA400B7DA36 /* API */,
				EBD91DA51C751C4600B7DA36 /* Extensions */,
				EBD91DA41C751C4000B7DA36 /* Enums */,
				EBD91DA31C751C3B00B7DA36 /* Models */,
				EBD91DA21C751C3400B7DA36 /* Controllers */,
				EBD91D731C75181C00B7DA36 /* Main.storyboard */,
				EBF3420F1C75DEDD0047F5DB /* LaunchScreen.storyboard */,
				EBD91D791C75181C00B7DA36 /* Assets.xcassets */,
				EBD91D7E1C75181C00B7DA36 /* Info.plist */,
				EBD91DA01C751C0A00B7DA36 /* Config.plist */,
				EBD91DA61C751D4300B7DA36 /* InfoPlist.strings */,
				EB0AAB831C75CB7F00313BA9 /* Packo.xcdatamodeld */,
				EBD91DD81C752EE000B7DA36 /* Packo-Bridging-Header.h */,
			);
			path = Packo;
			sourceTree = "<group>";
		};
		EBD91D861C75181C00B7DA36 /* PackoTests */ = {
			isa = PBXGroup;
			children = (
				EBD91D871C75181C00B7DA36 /* PackoTests.swift */,
				EBD91D891C75181C00B7DA36 /* Info.plist */,
			);
			path = PackoTests;
			sourceTree = "<group>";
		};
		EBD91D911C75181C00B7DA36 /* PackoUITests */ = {
			isa = PBXGroup;
			children = (
				EBD91D921C75181C00B7DA36 /* PackoUITests.swift */,
				EBD91D941C75181C00B7DA36 /* Info.plist */,
			);
			path = PackoUITests;
			sourceTree = "<group>";
		};
		EBD91DA21C751C3400B7DA36 /* Controllers */ = {
			isa = PBXGroup;
			children = (
				EBD91D711C75181B00B7DA36 /* MainViewController.swift */,
				EBD91DD91C7536A200B7DA36 /* AddItemTableViewController.swift */,
				EBD91DC31C75221900B7DA36 /* ItemsViewController.swift */,
				EB84B0D11C759164004EA581 /* AddTripTableViewController.swift */,
				EBD91DBD1C7521A000B7DA36 /* TripsViewController.swift */,
			);
			name = Controllers;
			sourceTree = "<group>";
		};
		EBD91DA31C751C3B00B7DA36 /* Models */ = {
			isa = PBXGroup;
			children = (
				EBD91DAD1C751DD900B7DA36 /* Weather.swift */,
				EBD91DBF1C7521C200B7DA36 /* Item.swift */,
				EBD91DC11C7521F300B7DA36 /* Trip.swift */,
			);
			name = Models;
			sourceTree = "<group>";
		};
		EBD91DA41C751C4000B7DA36 /* Enums */ = {
			isa = PBXGroup;
			children = (
				EBD91DB41C751E2500B7DA36 /* ShortcutIdentifier.swift */,
				EBD91DB61C751E3900B7DA36 /* TemperatureScale.swift */,
				EBD91DB81C751E4500B7DA36 /* Colors.swift */,
			);
			name = Enums;
			sourceTree = "<group>";
		};
		EBD91DA51C751C4600B7DA36 /* Extensions */ = {
			isa = PBXGroup;
			children = (
				EBD91DC81C75229900B7DA36 /* UIColorExtension.swift */,
				EB6099E41C758C2E00B73777 /* ItemsViewControllerExtension.swift */,
				EB6099E61C758D7A00B73777 /* TripsViewControllerExtension.swift */,
				EBD91DCA1C7522AC00B7DA36 /* StringExtension.swift */,
				EBD91DD01C7522D900B7DA36 /* UIViewExtension.swift */,
				EBD91DCC1C7522BC00B7DA36 /* UIImageExtension.swift */,
			);
			name = Extensions;
			sourceTree = "<group>";
		};
		EBD91DA81C751DA400B7DA36 /* API */ = {
			isa = PBXGroup;
			children = (
				EBD91DA91C751DB100B7DA36 /* Geocoder.swift */,
				EBD91DAB1C751DC400B7DA36 /* ForecastIO.swift */,
			);
			name = API;
			sourceTree = "<group>";
		};
		EBD91DAF1C751DED00B7DA36 /* Util */ = {
			isa = PBXGroup;
			children = (
				EBD91DB01C751DFA00B7DA36 /* IDGenerator.swift */,
				EB7937BD1C7B2E37004D58F9 /* Shared.swift */,
			);
			name = Util;
			sourceTree = "<group>";
		};
		EBD91DC51C75226400B7DA36 /* Views */ = {
			isa = PBXGroup;
			children = (
				EBD91DC61C75227500B7DA36 /* WeatherTableViewCell.swift */,
				EBD91DD21C7522F700B7DA36 /* TripTableViewCell.swift */,
				EBD91DD41C75230600B7DA36 /* ItemTableViewCell.swift */,
			);
			name = Views;
			sourceTree = "<group>";
		};
/* End PBXGroup section */

/* Begin PBXNativeTarget section */
		EBD91D6B1C75181B00B7DA36 /* Packo */ = {
			isa = PBXNativeTarget;
			buildConfigurationList = EBD91D971C75181C00B7DA36 /* Build configuration list for PBXNativeTarget "Packo" */;
			buildPhases = (
				300EA09237490E4C2D0BEFEC /* Check Pods Manifest.lock */,
				EBD91D681C75181B00B7DA36 /* Sources */,
				EBD91D691C75181B00B7DA36 /* Frameworks */,
				EBD91D6A1C75181B00B7DA36 /* Resources */,
				F56E38955B2AD5B4F73FDE79 /* Embed Pods Frameworks */,
				751F728577C39CDB58570A2D /* Copy Pods Resources */,
			);
			buildRules = (
			);
			dependencies = (
			);
			name = Packo;
			productName = Packo;
			productReference = EBD91D6C1C75181B00B7DA36 /* Packo.app */;
			productType = "com.apple.product-type.application";
		};
		EBD91D821C75181C00B7DA36 /* PackoTests */ = {
			isa = PBXNativeTarget;
			buildConfigurationList = EBD91D9A1C75181C00B7DA36 /* Build configuration list for PBXNativeTarget "PackoTests" */;
			buildPhases = (
				EBD91D7F1C75181C00B7DA36 /* Sources */,
				EBD91D801C75181C00B7DA36 /* Frameworks */,
				EBD91D811C75181C00B7DA36 /* Resources */,
			);
			buildRules = (
			);
			dependencies = (
				EBD91D851C75181C00B7DA36 /* PBXTargetDependency */,
			);
			name = PackoTests;
			productName = PackoTests;
			productReference = EBD91D831C75181C00B7DA36 /* PackoTests.xctest */;
			productType = "com.apple.product-type.bundle.unit-test";
		};
		EBD91D8D1C75181C00B7DA36 /* PackoUITests */ = {
			isa = PBXNativeTarget;
			buildConfigurationList = EBD91D9D1C75181C00B7DA36 /* Build configuration list for PBXNativeTarget "PackoUITests" */;
			buildPhases = (
				EBD91D8A1C75181C00B7DA36 /* Sources */,
				EBD91D8B1C75181C00B7DA36 /* Frameworks */,
				EBD91D8C1C75181C00B7DA36 /* Resources */,
			);
			buildRules = (
			);
			dependencies = (
				EBD91D901C75181C00B7DA36 /* PBXTargetDependency */,
			);
			name = PackoUITests;
			productName = PackoUITests;
			productReference = EBD91D8E1C75181C00B7DA36 /* PackoUITests.xctest */;
			productType = "com.apple.product-type.bundle.ui-testing";
		};
/* End PBXNativeTarget section */

/* Begin PBXProject section */
		EBD91D641C75181B00B7DA36 /* Project object */ = {
			isa = PBXProject;
			attributes = {
				LastSwiftUpdateCheck = 0720;
				LastUpgradeCheck = 0720;
				ORGANIZATIONNAME = Packo;
				TargetAttributes = {
					EBD91D6B1C75181B00B7DA36 = {
						CreatedOnToolsVersion = 7.2.1;
						DevelopmentTeam = 6F79H32849;
					};
					EBD91D821C75181C00B7DA36 = {
						CreatedOnToolsVersion = 7.2.1;
						TestTargetID = EBD91D6B1C75181B00B7DA36;
					};
					EBD91D8D1C75181C00B7DA36 = {
						CreatedOnToolsVersion = 7.2.1;
						TestTargetID = EBD91D6B1C75181B00B7DA36;
					};
				};
			};
			buildConfigurationList = EBD91D671C75181B00B7DA36 /* Build configuration list for PBXProject "Packo" */;
			compatibilityVersion = "Xcode 3.2";
			developmentRegion = English;
			hasScannedForEncodings = 0;
			knownRegions = (
				en,
				Base,
			);
			mainGroup = EBD91D631C75181B00B7DA36;
			productRefGroup = EBD91D6D1C75181B00B7DA36 /* Products */;
			projectDirPath = "";
			projectRoot = "";
			targets = (
				EBD91D6B1C75181B00B7DA36 /* Packo */,
				EBD91D821C75181C00B7DA36 /* PackoTests */,
				EBD91D8D1C75181C00B7DA36 /* PackoUITests */,
			);
		};
/* End PBXProject section */

/* Begin PBXResourcesBuildPhase section */
		EBD91D6A1C75181B00B7DA36 /* Resources */ = {
			isa = PBXResourcesBuildPhase;
			buildActionMask = 2147483647;
			files = (
				EBD91DA11C751C0A00B7DA36 /* Config.plist in Resources */,
				EBD91D7A1C75181C00B7DA36 /* Assets.xcassets in Resources */,
				EBD91D751C75181C00B7DA36 /* Main.storyboard in Resources */,
				EBF342101C75DEDD0047F5DB /* LaunchScreen.storyboard in Resources */,
				EBD91DA71C751D4300B7DA36 /* InfoPlist.strings in Resources */,
			);
			runOnlyForDeploymentPostprocessing = 0;
		};
		EBD91D811C75181C00B7DA36 /* Resources */ = {
			isa = PBXResourcesBuildPhase;
			buildActionMask = 2147483647;
			files = (
			);
			runOnlyForDeploymentPostprocessing = 0;
		};
		EBD91D8C1C75181C00B7DA36 /* Resources */ = {
			isa = PBXResourcesBuildPhase;
			buildActionMask = 2147483647;
			files = (
			);
			runOnlyForDeploymentPostprocessing = 0;
		};
/* End PBXResourcesBuildPhase section */

/* Begin PBXShellScriptBuildPhase section */
		300EA09237490E4C2D0BEFEC /* Check Pods Manifest.lock */ = {
			isa = PBXShellScriptBuildPhase;
			buildActionMask = 2147483647;
			files = (
			);
			inputPaths = (
			);
			name = "Check Pods Manifest.lock";
			outputPaths = (
			);
			runOnlyForDeploymentPostprocessing = 0;
			shellPath = /bin/sh;
			shellScript = "diff \"${PODS_ROOT}/../Podfile.lock\" \"${PODS_ROOT}/Manifest.lock\" > /dev/null\nif [[ $? != 0 ]] ; then\n    cat << EOM\nerror: The sandbox is not in sync with the Podfile.lock. Run 'pod install' or update your CocoaPods installation.\nEOM\n    exit 1\nfi\n";
			showEnvVarsInLog = 0;
		};
		751F728577C39CDB58570A2D /* Copy Pods Resources */ = {
			isa = PBXShellScriptBuildPhase;
			buildActionMask = 2147483647;
			files = (
			);
			inputPaths = (
			);
			name = "Copy Pods Resources";
			outputPaths = (
			);
			runOnlyForDeploymentPostprocessing = 0;
			shellPath = /bin/sh;
			shellScript = "\"${SRCROOT}/Pods/Target Support Files/Pods-Packo/Pods-Packo-resources.sh\"\n";
			showEnvVarsInLog = 0;
		};
		F56E38955B2AD5B4F73FDE79 /* Embed Pods Frameworks */ = {
			isa = PBXShellScriptBuildPhase;
			buildActionMask = 2147483647;
			files = (
			);
			inputPaths = (
			);
			name = "Embed Pods Frameworks";
			outputPaths = (
			);
			runOnlyForDeploymentPostprocessing = 0;
			shellPath = /bin/sh;
			shellScript = "\"${SRCROOT}/Pods/Target Support Files/Pods-Packo/Pods-Packo-frameworks.sh\"\n";
			showEnvVarsInLog = 0;
		};
/* End PBXShellScriptBuildPhase section */

/* Begin PBXSourcesBuildPhase section */
		EBD91D681C75181B00B7DA36 /* Sources */ = {
			isa = PBXSourcesBuildPhase;
			buildActionMask = 2147483647;
			files = (
				EB7937BE1C7B2E37004D58F9 /* Shared.swift in Sources */,
				EBD91DC71C75227500B7DA36 /* WeatherTableViewCell.swift in Sources */,
				EBD91DBE1C7521A000B7DA36 /* TripsViewController.swift in Sources */,
				EBD91DB71C751E3900B7DA36 /* TemperatureScale.swift in Sources */,
				EBD91DB91C751E4500B7DA36 /* Colors.swift in Sources */,
				EBD91DD31C7522F700B7DA36 /* TripTableViewCell.swift in Sources */,
				EBD91DAC1C751DC400B7DA36 /* ForecastIO.swift in Sources */,
				EBD91DCD1C7522BC00B7DA36 /* UIImageExtension.swift in Sources */,
				EBD91DC01C7521C200B7DA36 /* Item.swift in Sources */,
				EBD91DDA1C7536A200B7DA36 /* AddItemTableViewController.swift in Sources */,
				EBD91DB51C751E2500B7DA36 /* ShortcutIdentifier.swift in Sources */,
				EB6099E51C758C2E00B73777 /* ItemsViewControllerExtension.swift in Sources */,
				EBD91DCB1C7522AC00B7DA36 /* StringExtension.swift in Sources */,
				EBD91DC21C7521F300B7DA36 /* Trip.swift in Sources */,
				EBD91DB11C751DFA00B7DA36 /* IDGenerator.swift in Sources */,
				EB6099E71C758D7A00B73777 /* TripsViewControllerExtension.swift in Sources */,
				EBD91DAA1C751DB100B7DA36 /* Geocoder.swift in Sources */,
				EBD91DD11C7522D900B7DA36 /* UIViewExtension.swift in Sources */,
				EB0AAB851C75CB7F00313BA9 /* Packo.xcdatamodeld in Sources */,
				EBD91DC91C75229900B7DA36 /* UIColorExtension.swift in Sources */,
				EBD91D721C75181B00B7DA36 /* MainViewController.swift in Sources */,
				EBD91DC41C75221900B7DA36 /* ItemsViewController.swift in Sources */,
				EB84B0D21C759164004EA581 /* AddTripTableViewController.swift in Sources */,
				EBD91DAE1C751DD900B7DA36 /* Weather.swift in Sources */,
				EBD91DD51C75230600B7DA36 /* ItemTableViewCell.swift in Sources */,
				EBD91D701C75181B00B7DA36 /* AppDelegate.swift in Sources */,
			);
			runOnlyForDeploymentPostprocessing = 0;
		};
		EBD91D7F1C75181C00B7DA36 /* Sources */ = {
			isa = PBXSourcesBuildPhase;
			buildActionMask = 2147483647;
			files = (
				EBD91D881C75181C00B7DA36 /* PackoTests.swift in Sources */,
			);
			runOnlyForDeploymentPostprocessing = 0;
		};
		EBD91D8A1C75181C00B7DA36 /* Sources */ = {
			isa = PBXSourcesBuildPhase;
			buildActionMask = 2147483647;
			files = (
				EBD91D931C75181C00B7DA36 /* PackoUITests.swift in Sources */,
			);
			runOnlyForDeploymentPostprocessing = 0;
		};
/* End PBXSourcesBuildPhase section */

/* Begin PBXTargetDependency section */
		EBD91D851C75181C00B7DA36 /* PBXTargetDependency */ = {
			isa = PBXTargetDependency;
			target = EBD91D6B1C75181B00B7DA36 /* Packo */;
			targetProxy = EBD91D841C75181C00B7DA36 /* PBXContainerItemProxy */;
		};
		EBD91D901C75181C00B7DA36 /* PBXTargetDependency */ = {
			isa = PBXTargetDependency;
			target = EBD91D6B1C75181B00B7DA36 /* Packo */;
			targetProxy = EBD91D8F1C75181C00B7DA36 /* PBXContainerItemProxy */;
		};
/* End PBXTargetDependency section */

/* Begin PBXVariantGroup section */
		EBD91D731C75181C00B7DA36 /* Main.storyboard */ = {
			isa = PBXVariantGroup;
			children = (
				EBD91D741C75181C00B7DA36 /* Base */,
			);
			name = Main.storyboard;
			sourceTree = "<group>";
		};
/* End PBXVariantGroup section */

/* Begin XCBuildConfiguration section */
		EBD91D951C75181C00B7DA36 /* Debug */ = {
			isa = XCBuildConfiguration;
			buildSettings = {
				ALWAYS_SEARCH_USER_PATHS = NO;
				CLANG_CXX_LANGUAGE_STANDARD = "gnu++0x";
				CLANG_CXX_LIBRARY = "libc++";
				CLANG_ENABLE_MODULES = YES;
				CLANG_ENABLE_OBJC_ARC = YES;
				CLANG_WARN_BOOL_CONVERSION = YES;
				CLANG_WARN_CONSTANT_CONVERSION = YES;
				CLANG_WARN_DIRECT_OBJC_ISA_USAGE = YES_ERROR;
				CLANG_WARN_EMPTY_BODY = YES;
				CLANG_WARN_ENUM_CONVERSION = YES;
				CLANG_WARN_INT_CONVERSION = YES;
				CLANG_WARN_OBJC_ROOT_CLASS = YES_ERROR;
				CLANG_WARN_UNREACHABLE_CODE = YES;
				CLANG_WARN__DUPLICATE_METHOD_MATCH = YES;
				"CODE_SIGN_IDENTITY[sdk=iphoneos*]" = "iPhone Developer";
				COPY_PHASE_STRIP = NO;
				DEBUG_INFORMATION_FORMAT = dwarf;
				ENABLE_STRICT_OBJC_MSGSEND = YES;
				ENABLE_TESTABILITY = YES;
				GCC_C_LANGUAGE_STANDARD = gnu99;
				GCC_DYNAMIC_NO_PIC = NO;
				GCC_NO_COMMON_BLOCKS = YES;
				GCC_OPTIMIZATION_LEVEL = 0;
				GCC_PREPROCESSOR_DEFINITIONS = (
					"DEBUG=1",
					"$(inherited)",
				);
				GCC_WARN_64_TO_32_BIT_CONVERSION = YES;
				GCC_WARN_ABOUT_RETURN_TYPE = YES_ERROR;
				GCC_WARN_UNDECLARED_SELECTOR = YES;
				GCC_WARN_UNINITIALIZED_AUTOS = YES_AGGRESSIVE;
				GCC_WARN_UNUSED_FUNCTION = YES;
				GCC_WARN_UNUSED_VARIABLE = YES;
				IPHONEOS_DEPLOYMENT_TARGET = 9.2;
				MTL_ENABLE_DEBUG_INFO = YES;
				ONLY_ACTIVE_ARCH = YES;
				SDKROOT = iphoneos;
				SWIFT_OPTIMIZATION_LEVEL = "-Onone";
			};
			name = Debug;
		};
		EBD91D961C75181C00B7DA36 /* Release */ = {
			isa = XCBuildConfiguration;
			buildSettings = {
				ALWAYS_SEARCH_USER_PATHS = NO;
				CLANG_CXX_LANGUAGE_STANDARD = "gnu++0x";
				CLANG_CXX_LIBRARY = "libc++";
				CLANG_ENABLE_MODULES = YES;
				CLANG_ENABLE_OBJC_ARC = YES;
				CLANG_WARN_BOOL_CONVERSION = YES;
				CLANG_WARN_CONSTANT_CONVERSION = YES;
				CLANG_WARN_DIRECT_OBJC_ISA_USAGE = YES_ERROR;
				CLANG_WARN_EMPTY_BODY = YES;
				CLANG_WARN_ENUM_CONVERSION = YES;
				CLANG_WARN_INT_CONVERSION = YES;
				CLANG_WARN_OBJC_ROOT_CLASS = YES_ERROR;
				CLANG_WARN_UNREACHABLE_CODE = YES;
				CLANG_WARN__DUPLICATE_METHOD_MATCH = YES;
				"CODE_SIGN_IDENTITY[sdk=iphoneos*]" = "iPhone Developer";
				COPY_PHASE_STRIP = NO;
				DEBUG_INFORMATION_FORMAT = "dwarf-with-dsym";
				ENABLE_NS_ASSERTIONS = NO;
				ENABLE_STRICT_OBJC_MSGSEND = YES;
				GCC_C_LANGUAGE_STANDARD = gnu99;
				GCC_NO_COMMON_BLOCKS = YES;
				GCC_WARN_64_TO_32_BIT_CONVERSION = YES;
				GCC_WARN_ABOUT_RETURN_TYPE = YES_ERROR;
				GCC_WARN_UNDECLARED_SELECTOR = YES;
				GCC_WARN_UNINITIALIZED_AUTOS = YES_AGGRESSIVE;
				GCC_WARN_UNUSED_FUNCTION = YES;
				GCC_WARN_UNUSED_VARIABLE = YES;
				IPHONEOS_DEPLOYMENT_TARGET = 9.2;
				MTL_ENABLE_DEBUG_INFO = NO;
				SDKROOT = iphoneos;
				VALIDATE_PRODUCT = YES;
			};
			name = Release;
		};
		EBD91D981C75181C00B7DA36 /* Debug */ = {
			isa = XCBuildConfiguration;
			baseConfigurationReference = 58089CE39A60888C5960FEFC /* Pods-Packo.debug.xcconfig */;
			buildSettings = {
				ASSETCATALOG_COMPILER_APPICON_NAME = AppIcon;
				CODE_SIGN_IDENTITY = "iPhone Developer";
				FRAMEWORK_SEARCH_PATHS = (
					"$(inherited)",
					"$(PROJECT_DIR)",
				);
				INFOPLIST_FILE = Packo/Info.plist;
				IPHONEOS_DEPLOYMENT_TARGET = 9.1;
				LD_RUNPATH_SEARCH_PATHS = "$(inherited) @executable_path/Frameworks";
				PRODUCT_BUNDLE_IDENTIFIER = me.kickassapps.Packo;
				PRODUCT_NAME = "$(TARGET_NAME)";
				SWIFT_OBJC_BRIDGING_HEADER = "Packo/Packo-Bridging-Header.h";
			};
			name = Debug;
		};
		EBD91D991C75181C00B7DA36 /* Release */ = {
			isa = XCBuildConfiguration;
			baseConfigurationReference = 3EF8B9027746FEB59AF27960 /* Pods-Packo.release.xcconfig */;
			buildSettings = {
				ASSETCATALOG_COMPILER_APPICON_NAME = AppIcon;
				CODE_SIGN_IDENTITY = "iPhone Developer";
				FRAMEWORK_SEARCH_PATHS = (
					"$(inherited)",
					"$(PROJECT_DIR)",
				);
				INFOPLIST_FILE = Packo/Info.plist;
				IPHONEOS_DEPLOYMENT_TARGET = 9.1;
				LD_RUNPATH_SEARCH_PATHS = "$(inherited) @executable_path/Frameworks";
				PRODUCT_BUNDLE_IDENTIFIER = me.kickassapps.Packo;
				PRODUCT_NAME = "$(TARGET_NAME)";
				SWIFT_OBJC_BRIDGING_HEADER = "Packo/Packo-Bridging-Header.h";
			};
			name = Release;
		};
		EBD91D9B1C75181C00B7DA36 /* Debug */ = {
			isa = XCBuildConfiguration;
			buildSettings = {
				BUNDLE_LOADER = "$(TEST_HOST)";
				INFOPLIST_FILE = PackoTests/Info.plist;
				LD_RUNPATH_SEARCH_PATHS = "$(inherited) @executable_path/Frameworks @loader_path/Frameworks";
				PRODUCT_BUNDLE_IDENTIFIER = me.kickassapps.PackoTests;
				PRODUCT_NAME = "$(TARGET_NAME)";
				TEST_HOST = "$(BUILT_PRODUCTS_DIR)/Packo.app/Packo";
			};
			name = Debug;
		};
		EBD91D9C1C75181C00B7DA36 /* Release */ = {
			isa = XCBuildConfiguration;
			buildSettings = {
				BUNDLE_LOADER = "$(TEST_HOST)";
				INFOPLIST_FILE = PackoTests/Info.plist;
				LD_RUNPATH_SEARCH_PATHS = "$(inherited) @executable_path/Frameworks @loader_path/Frameworks";
				PRODUCT_BUNDLE_IDENTIFIER = me.kickassapps.PackoTests;
				PRODUCT_NAME = "$(TARGET_NAME)";
				TEST_HOST = "$(BUILT_PRODUCTS_DIR)/Packo.app/Packo";
			};
			name = Release;
		};
		EBD91D9E1C75181C00B7DA36 /* Debug */ = {
			isa = XCBuildConfiguration;
			buildSettings = {
				INFOPLIST_FILE = PackoUITests/Info.plist;
				LD_RUNPATH_SEARCH_PATHS = "$(inherited) @executable_path/Frameworks @loader_path/Frameworks";
				PRODUCT_BUNDLE_IDENTIFIER = me.kickassapps.PackoUITests;
				PRODUCT_NAME = "$(TARGET_NAME)";
				TEST_TARGET_NAME = Packo;
				USES_XCTRUNNER = YES;
			};
			name = Debug;
		};
		EBD91D9F1C75181C00B7DA36 /* Release */ = {
			isa = XCBuildConfiguration;
			buildSettings = {
				INFOPLIST_FILE = PackoUITests/Info.plist;
				LD_RUNPATH_SEARCH_PATHS = "$(inherited) @executable_path/Frameworks @loader_path/Frameworks";
				PRODUCT_BUNDLE_IDENTIFIER = me.kickassapps.PackoUITests;
				PRODUCT_NAME = "$(TARGET_NAME)";
				TEST_TARGET_NAME = Packo;
				USES_XCTRUNNER = YES;
			};
			name = Release;
		};
/* End XCBuildConfiguration section */

/* Begin XCConfigurationList section */
		EBD91D671C75181B00B7DA36 /* Build configuration list for PBXProject "Packo" */ = {
			isa = XCConfigurationList;
			buildConfigurations = (
				EBD91D951C75181C00B7DA36 /* Debug */,
				EBD91D961C75181C00B7DA36 /* Release */,
			);
			defaultConfigurationIsVisible = 0;
			defaultConfigurationName = Release;
		};
		EBD91D971C75181C00B7DA36 /* Build configuration list for PBXNativeTarget "Packo" */ = {
			isa = XCConfigurationList;
			buildConfigurations = (
				EBD91D981C75181C00B7DA36 /* Debug */,
				EBD91D991C75181C00B7DA36 /* Release */,
			);
			defaultConfigurationIsVisible = 0;
			defaultConfigurationName = Release;
		};
		EBD91D9A1C75181C00B7DA36 /* Build configuration list for PBXNativeTarget "PackoTests" */ = {
			isa = XCConfigurationList;
			buildConfigurations = (
				EBD91D9B1C75181C00B7DA36 /* Debug */,
				EBD91D9C1C75181C00B7DA36 /* Release */,
			);
			defaultConfigurationIsVisible = 0;
			defaultConfigurationName = Release;
		};
		EBD91D9D1C75181C00B7DA36 /* Build configuration list for PBXNativeTarget "PackoUITests" */ = {
			isa = XCConfigurationList;
			buildConfigurations = (
				EBD91D9E1C75181C00B7DA36 /* Debug */,
				EBD91D9F1C75181C00B7DA36 /* Release */,
			);
			defaultConfigurationIsVisible = 0;
			defaultConfigurationName = Release;
		};
/* End XCConfigurationList section */

/* Begin XCVersionGroup section */
		EB0AAB831C75CB7F00313BA9 /* Packo.xcdatamodeld */ = {
			isa = XCVersionGroup;
			children = (
				EB0AAB841C75CB7F00313BA9 /* Packo.xcdatamodel */,
			);
			currentVersion = EB0AAB841C75CB7F00313BA9 /* Packo.xcdatamodel */;
			path = Packo.xcdatamodeld;
			sourceTree = "<group>";
			versionGroupType = wrapper.xcdatamodel;
		};
/* End XCVersionGroup section */
	};
	rootObject = EBD91D641C75181B00B7DA36 /* Project object */;
}
